{
  "name": "bujo",
  "version": "1.0.0",
  "lockfileVersion": 1,
  "requires": true,
  "dependencies": {
    "@material/animation": {
      "version": "0.34.0",
      "resolved": "https://registry.npmjs.org/@material/animation/-/animation-0.34.0.tgz",
      "integrity": "sha512-HKWU+pHda+xSIV0lwrTMOb/N005NIAV7+tvEEjTiLrQx74eO6J9nIjfCpZ0W4D8Kb9K90lgHFo0ZRC6yDTjizQ==",
      "dev": true
    },
    "@material/base": {
      "version": "0.35.0",
      "resolved": "https://registry.npmjs.org/@material/base/-/base-0.35.0.tgz",
      "integrity": "sha512-PYuluVzcH8hxtionVvpTSygTENlgyOHvJ5ka7JfbCRQfXlxjV8zKYwhh9u/1HqA6y1OonG1oGFCaBHopbdsNEQ==",
      "dev": true
    },
    "@material/button": {
      "version": "0.37.1",
      "resolved": "https://registry.npmjs.org/@material/button/-/button-0.37.1.tgz",
      "integrity": "sha512-sI6YRk2Z5hcAyBCV0k6i+QuWS7tlHO008jDNm7rjUPt3bJ5z/JaLaAaHIc6kEtgVSp+NMKlu6HhYtDl9KLq3xg==",
      "dev": true,
      "requires": {
        "@material/elevation": "0.36.1",
        "@material/ripple": "0.37.1",
        "@material/rtl": "0.36.0",
        "@material/theme": "0.35.0",
        "@material/typography": "0.37.1"
      }
    },
    "@material/dialog": {
      "version": "0.37.1",
      "resolved": "https://registry.npmjs.org/@material/dialog/-/dialog-0.37.1.tgz",
      "integrity": "sha512-PCOobQdQCV+W+PYnwi1+yKPPPRB/SN1ogdBp3al5qlH0WLpXTu8AP6apaj2HI5aU9s3WW94Vmt+mTpPOmasxDg==",
      "dev": true,
      "requires": {
        "@material/animation": "0.34.0",
        "@material/base": "0.35.0",
        "@material/elevation": "0.36.1",
        "@material/ripple": "0.37.1",
        "@material/rtl": "0.36.0",
        "@material/theme": "0.35.0",
        "@material/typography": "0.37.1",
        "focus-trap": "2.4.6"
      }
    },
    "@material/elevation": {
      "version": "0.36.1",
      "resolved": "https://registry.npmjs.org/@material/elevation/-/elevation-0.36.1.tgz",
      "integrity": "sha512-kh7paJc3jc+6O6Op93j8S/eFqiA9KhSsT/gtQeVbEt2ebGweh4TTc/Smm0D/RPOzifPL1mRMAQY7SgFchlz1AQ==",
      "dev": true,
      "requires": {
        "@material/animation": "0.34.0",
        "@material/theme": "0.35.0"
      }
    },
    "@material/fab": {
      "version": "0.37.1",
      "resolved": "https://registry.npmjs.org/@material/fab/-/fab-0.37.1.tgz",
      "integrity": "sha512-CeV27OZFEL5LoUDeTONdz+uUMFVaaa1iVPtBltK3cE48vhWQia97oJ6U4+veiJHmx6dNQm/ExW3jsBqwsZyXUw==",
      "dev": true,
      "requires": {
        "@material/animation": "0.34.0",
        "@material/elevation": "0.36.1",
        "@material/ripple": "0.37.1",
        "@material/rtl": "0.36.0",
        "@material/theme": "0.35.0",
        "@material/typography": "0.37.1"
      }
    },
    "@material/list": {
      "version": "0.37.1",
      "resolved": "https://registry.npmjs.org/@material/list/-/list-0.37.1.tgz",
      "integrity": "sha512-GXRMjKvH/bE/0ckjwmq53WLK7stq3xBgYtO0/hoqCgJa3NYjhvgSFe4SA4H0J/Gpj2vA3A3E5beDMRULfND1BA==",
      "dev": true,
      "requires": {
        "@material/base": "0.35.0",
        "@material/ripple": "0.37.1",
        "@material/rtl": "0.36.0",
        "@material/theme": "0.35.0",
        "@material/typography": "0.37.1"
      }
    },
    "@material/menu": {
      "version": "0.37.1",
      "resolved": "https://registry.npmjs.org/@material/menu/-/menu-0.37.1.tgz",
      "integrity": "sha512-Q6fmjFM1kVYsnxGYVTao5zd7hrQpZ6BiwescDBZvQbhfGM/d2RnSIUdczojZR8qxA4vgOQpm26yReKk22FenSA==",
      "dev": true,
      "requires": {
        "@material/animation": "0.34.0",
        "@material/base": "0.35.0",
        "@material/elevation": "0.36.1",
        "@material/theme": "0.35.0",
        "@material/typography": "0.37.1"
      }
    },
    "@material/ripple": {
      "version": "0.37.1",
      "resolved": "https://registry.npmjs.org/@material/ripple/-/ripple-0.37.1.tgz",
      "integrity": "sha512-FSBZd8Qs7cFcfnVhGLAq4KnMteJQ6HnnEXYmpQxNFHxtkc4FpVh9AwwBsvzCzxbyuMqaKk9YsQubMjyhuuhQ9A==",
      "dev": true,
      "requires": {
        "@material/animation": "0.34.0",
        "@material/base": "0.35.0",
        "@material/theme": "0.35.0"
      }
    },
    "@material/rtl": {
      "version": "0.36.0",
      "resolved": "https://registry.npmjs.org/@material/rtl/-/rtl-0.36.0.tgz",
      "integrity": "sha512-uCMwWGdKG0ooYh1kVINz7vTgSY++9wnvU3kOqjRdfOY+PZHWSa/X/EqRdE9Q1pUFwYlQeU2PXE/Z2dTK/nlziw==",
      "dev": true
    },
    "@material/theme": {
      "version": "0.35.0",
      "resolved": "https://registry.npmjs.org/@material/theme/-/theme-0.35.0.tgz",
      "integrity": "sha512-jTjRDPKlWVCNnSs4RRe/eq9+F5lFBzxfbuI7klgCR6jTXRMB93jKKKO7k6chgo9l0oObhLh81ao6sq/eV0WFIw==",
      "dev": true
    },
    "@material/typography": {
      "version": "0.37.1",
      "resolved": "https://registry.npmjs.org/@material/typography/-/typography-0.37.1.tgz",
      "integrity": "sha512-njbRrUwSte+Ag2ZsQxYCZVXqYphm7Wbe1iFCzljRAZEcZJUuKkz30rx3IK5CrmwoIpLxcE2Y/2WoAj8a2Ear0A==",
      "dev": true
    },
    "focus-trap": {
      "version": "2.4.6",
      "resolved": "https://registry.npmjs.org/focus-trap/-/focus-trap-2.4.6.tgz",
      "integrity": "sha512-vWZTPtBU6pBoyWZDRZJHkXsyP2ZCZBHE3DRVXnSVdQKH/mcDtu9S5Kz8CUDyIqpfZfLEyI9rjKJLnc4Y40BRBg==",
      "dev": true,
      "requires": {
        "tabbable": "1.1.3"
      }
    },
    "material-design-icons": {
      "version": "3.0.1",
      "resolved": "https://registry.npmjs.org/material-design-icons/-/material-design-icons-3.0.1.tgz",
      "integrity": "sha1-mnHEh0chjrylHlGmbaaCA4zct78=",
      "dev": true
    },
    "normalize.css": {
      "version": "8.0.0",
      "resolved": "https://registry.npmjs.org/normalize.css/-/normalize.css-8.0.0.tgz",
      "integrity": "sha512-iXcbM3NWr0XkNyfiSBsoPezi+0V92P9nj84yVV1/UZxRUrGczgX/X91KMAGM0omWLY2+2Q1gKD/XRn4gQRDB2A==",
      "dev": true
    },
    "tabbable": {
      "version": "1.1.3",
      "resolved": "https://registry.npmjs.org/tabbable/-/tabbable-1.1.3.tgz",
      "integrity": "sha512-nOWwx35/JuDI4ONuF0ZTo6lYvI0fY0tZCH1ErzY2EXfu4az50ZyiUX8X073FLiZtmWUVlkRnuXsehjJgCw9tYg==",
      "dev": true
    }
  }
}
